
Microsoft Visual Studio Solution File, Format Version 12.00
# Visual Studio 15
VisualStudioVersion = 15.0.27703.2042
MinimumVisualStudioVersion = 10.0.40219.1
Project("{FAE04EC0-301F-11D3-BF4B-00C04F79EFBC}") = "bets", "bets\bets.csproj", "{D1B5F88B-8C44-41D3-9077-648FADEF4316}"
EndProject
Global
	GlobalSection(SolutionConfigurationPlatforms) = preSolution
		Debug|Any CPU = Debug|Any CPU
		Release|Any CPU = Release|Any CPU
	EndGlobalSection
	GlobalSection(ProjectConfigurationPlatforms) = postSolution
		{D1B5F88B-8C44-41D3-9077-648FADEF4316}.Debug|Any CPU.ActiveCfg = Debug|Any CPU
		{D1B5F88B-8C44-41D3-9077-648FADEF4316}.Debug|Any CPU.Build.0 = Debug|Any CPU
		{D1B5F88B-8C44-41D3-9077-648FADEF4316}.Release|Any CPU.ActiveCfg = Release|Any CPU
		{D1B5F88B-8C44-41D3-9077-648FADEF4316}.Release|Any CPU.Build.0 = Release|Any CPU
	EndGlobalSection
	GlobalSection(SolutionProperties) = preSolution
		HideSolutionNode = FALSE
	EndGlobalSection
	GlobalSection(ExtensibilityGlobals) = postSolution
		SolutionGuid = {D543A652-5B82-48EC-879D-72AFA5EC60E3}
	EndGlobalSection
EndGlobal
